Microsoft Visual Studio Solution File, Format Version 12.00
# Visual Studio 2012
Project("{FAE04EC0-301F-11D3-BF4B-00C04F79EFBC}") = "Whats Hiding In The Dark - Spooky 2D Jam 2022", "Whats Hiding In The Dark - Spooky 2D Jam 2022.csproj", "{DAB6DBC6-78A9-423B-A15A-4359A6FF9385}"
EndProject
Global
	GlobalSection(SolutionConfigurationPlatforms) = preSolution
	Debug|Any CPU = Debug|Any CPU
	ExportDebug|Any CPU = ExportDebug|Any CPU
	ExportRelease|Any CPU = ExportRelease|Any CPU
	EndGlobalSection
	GlobalSection(ProjectConfigurationPlatforms) = postSolution
		{DAB6DBC6-78A9-423B-A15A-4359A6FF9385}.Debug|Any CPU.ActiveCfg = Debug|Any CPU
		{DAB6DBC6-78A9-423B-A15A-4359A6FF9385}.Debug|Any CPU.Build.0 = Debug|Any CPU
		{DAB6DBC6-78A9-423B-A15A-4359A6FF9385}.ExportDebug|Any CPU.ActiveCfg = ExportDebug|Any CPU
		{DAB6DBC6-78A9-423B-A15A-4359A6FF9385}.ExportDebug|Any CPU.Build.0 = ExportDebug|Any CPU
		{DAB6DBC6-78A9-423B-A15A-4359A6FF9385}.ExportRelease|Any CPU.ActiveCfg = ExportRelease|Any CPU
		{DAB6DBC6-78A9-423B-A15A-4359A6FF9385}.ExportRelease|Any CPU.Build.0 = ExportRelease|Any CPU
	EndGlobalSection
EndGlobal
